// !$*UTF8*$!
{
	archiveVersion = 1;
	classes = {
	};
	objectVersion = 50;
	objects = {

/* Begin PBXBuildFile section */
		16FE88F624C7B10E00C121A9 /* AppDelegate.swift in Sources */ = {isa = PBXBuildFile; fileRef = 16FE88F524C7B10E00C121A9 /* AppDelegate.swift */; };
		16FE88F824C7B10E00C121A9 /* SceneDelegate.swift in Sources */ = {isa = PBXBuildFile; fileRef = 16FE88F724C7B10E00C121A9 /* SceneDelegate.swift */; };
		16FE88FA24C7B10E00C121A9 /* ViewController.swift in Sources */ = {isa = PBXBuildFile; fileRef = 16FE88F924C7B10E00C121A9 /* ViewController.swift */; };
		16FE88FD24C7B10E00C121A9 /* Main.storyboard in Resources */ = {isa = PBXBuildFile; fileRef = 16FE88FB24C7B10E00C121A9 /* Main.storyboard */; };
		16FE890024C7B10E00C121A9 /* emojinal.xcdatamodeld in Sources */ = {isa = PBXBuildFile; fileRef = 16FE88FE24C7B10E00C121A9 /* emojinal.xcdatamodeld */; };
		16FE890224C7B11200C121A9 /* Assets.xcassets in Resources */ = {isa = PBXBuildFile; fileRef = 16FE890124C7B11200C121A9 /* Assets.xcassets */; };
		16FE890524C7B11200C121A9 /* LaunchScreen.storyboard in Resources */ = {isa = PBXBuildFile; fileRef = 16FE890324C7B11200C121A9 /* LaunchScreen.storyboard */; };
		16FE891024C7B11200C121A9 /* emojinalTests.swift in Sources */ = {isa = PBXBuildFile; fileRef = 16FE890F24C7B11200C121A9 /* emojinalTests.swift */; };
		16FE891B24C7B11200C121A9 /* emojinalUITests.swift in Sources */ = {isa = PBXBuildFile; fileRef = 16FE891A24C7B11200C121A9 /* emojinalUITests.swift */; };
/* End PBXBuildFile section */

/* Begin PBXContainerItemProxy section */
		16FE890C24C7B11200C121A9 /* PBXContainerItemProxy */ = {
			isa = PBXContainerItemProxy;
			containerPortal = 16FE88EA24C7B10E00C121A9 /* Project object */;
			proxyType = 1;
			remoteGlobalIDString = 16FE88F124C7B10E00C121A9;
			remoteInfo = emojinal;
		};
		16FE891724C7B11200C121A9 /* PBXContainerItemProxy */ = {
			isa = PBXContainerItemProxy;
			containerPortal = 16FE88EA24C7B10E00C121A9 /* Project object */;
			proxyType = 1;
			remoteGlobalIDString = 16FE88F124C7B10E00C121A9;
			remoteInfo = emojinal;
		};
/* End PBXContainerItemProxy section */

/* Begin PBXFileReference section */
		16FE88F224C7B10E00C121A9 /* emojinal.app */ = {isa = PBXFileReference; explicitFileType = wrapper.application; includeInIndex = 0; path = emojinal.app; sourceTree = BUILT_PRODUCTS_DIR; };
		16FE88F524C7B10E00C121A9 /* AppDelegate.swift */ = {isa = PBXFileReference; lastKnownFileType = sourcecode.swift; path = AppDelegate.swift; sourceTree = "<group>"; };
		16FE88F724C7B10E00C121A9 /* SceneDelegate.swift */ = {isa = PBXFileReference; lastKnownFileType = sourcecode.swift; path = SceneDelegate.swift; sourceTree = "<group>"; };
		16FE88F924C7B10E00C121A9 /* ViewController.swift */ = {isa = PBXFileReference; lastKnownFileType = sourcecode.swift; path = ViewController.swift; sourceTree = "<group>"; };
		16FE88FC24C7B10E00C121A9 /* Base */ = {isa = PBXFileReference; lastKnownFileType = file.storyboard; name = Base; path = Base.lproj/Main.storyboard; sourceTree = "<group>"; };
		16FE88FF24C7B10E00C121A9 /* emojinal.xcdatamodel */ = {isa = PBXFileReference; lastKnownFileType = wrapper.xcdatamodel; path = emojinal.xcdatamodel; sourceTree = "<group>"; };
		16FE890124C7B11200C121A9 /* Assets.xcassets */ = {isa = PBXFileReference; lastKnownFileType = folder.assetcatalog; path = Assets.xcassets; sourceTree = "<group>"; };
		16FE890424C7B11200C121A9 /* Base */ = {isa = PBXFileReference; lastKnownFileType = file.storyboard; name = Base; path = Base.lproj/LaunchScreen.storyboard; sourceTree = "<group>"; };
		16FE890624C7B11200C121A9 /* Info.plist */ = {isa = PBXFileReference; lastKnownFileType = text.plist.xml; path = Info.plist; sourceTree = "<group>"; };
		16FE890B24C7B11200C121A9 /* emojinalTests.xctest */ = {isa = PBXFileReference; explicitFileType = wrapper.cfbundle; includeInIndex = 0; path = emojinalTests.xctest; sourceTree = BUILT_PRODUCTS_DIR; };
		16FE890F24C7B11200C121A9 /* emojinalTests.swift */ = {isa = PBXFileReference; lastKnownFileType = sourcecode.swift; path = emojinalTests.swift; sourceTree = "<group>"; };
		16FE891124C7B11200C121A9 /* Info.plist */ = {isa = PBXFileReference; lastKnownFileType = text.plist.xml; path = Info.plist; sourceTree = "<group>"; };
		16FE891624C7B11200C121A9 /* emojinalUITests.xctest */ = {isa = PBXFileReference; explicitFileType = wrapper.cfbundle; includeInIndex = 0; path = emojinalUITests.xctest; sourceTree = BUILT_PRODUCTS_DIR; };
		16FE891A24C7B11200C121A9 /* emojinalUITests.swift */ = {isa = PBXFileReference; lastKnownFileType = sourcecode.swift; path = emojinalUITests.swift; sourceTree = "<group>"; };
		16FE891C24C7B11200C121A9 /* Info.plist */ = {isa = PBXFileReference; lastKnownFileType = text.plist.xml; path = Info.plist; sourceTree = "<group>"; };
/* End PBXFileReference section */

/* Begin PBXFrameworksBuildPhase section */
		16FE88EF24C7B10E00C121A9 /* Frameworks */ = {
			isa = PBXFrameworksBuildPhase;
			buildActionMask = 2147483647;
			files = (
			);
			runOnlyForDeploymentPostprocessing = 0;
		};
		16FE890824C7B11200C121A9 /* Frameworks */ = {
			isa = PBXFrameworksBuildPhase;
			buildActionMask = 2147483647;
			files = (
			);
			runOnlyForDeploymentPostprocessing = 0;
		};
		16FE891324C7B11200C121A9 /* Frameworks */ = {
			isa = PBXFrameworksBuildPhase;
			buildActionMask = 2147483647;
			files = (
			);
			runOnlyForDeploymentPostprocessing = 0;
		};
/* End PBXFrameworksBuildPhase section */

/* Begin PBXGroup section */
		16FE88E924C7B10E00C121A9 = {
			isa = PBXGroup;
			children = (
				16FE88F424C7B10E00C121A9 /* emojinal */,
				16FE890E24C7B11200C121A9 /* emojinalTests */,
				16FE891924C7B11200C121A9 /* emojinalUITests */,
				16FE88F324C7B10E00C121A9 /* Products */,
			);
			sourceTree = "<group>";
		};
		16FE88F324C7B10E00C121A9 /* Products */ = {
			isa = PBXGroup;
			children = (
				16FE88F224C7B10E00C121A9 /* emojinal.app */,
				16FE890B24C7B11200C121A9 /* emojinalTests.xctest */,
				16FE891624C7B11200C121A9 /* emojinalUITests.xctest */,
			);
			name = Products;
			sourceTree = "<group>";
		};
		16FE88F424C7B10E00C121A9 /* emojinal */ = {
			isa = PBXGroup;
			children = (
				16FE88F524C7B10E00C121A9 /* AppDelegate.swift */,
				16FE88F724C7B10E00C121A9 /* SceneDelegate.swift */,
				16FE88F924C7B10E00C121A9 /* ViewController.swift */,
				16FE88FB24C7B10E00C121A9 /* Main.storyboard */,
				16FE890124C7B11200C121A9 /* Assets.xcassets */,
				16FE890324C7B11200C121A9 /* LaunchScreen.storyboard */,
				16FE890624C7B11200C121A9 /* Info.plist */,
				16FE88FE24C7B10E00C121A9 /* emojinal.xcdatamodeld */,
			);
			path = emojinal;
			sourceTree = "<group>";
		};
		16FE890E24C7B11200C121A9 /* emojinalTests */ = {
			isa = PBXGroup;
			children = (
				16FE890F24C7B11200C121A9 /* emojinalTests.swift */,
				16FE891124C7B11200C121A9 /* Info.plist */,
			);
			path = emojinalTests;
			sourceTree = "<group>";
		};
		16FE891924C7B11200C121A9 /* emojinalUITests */ = {
			isa = PBXGroup;
			children = (
				16FE891A24C7B11200C121A9 /* emojinalUITests.swift */,
				16FE891C24C7B11200C121A9 /* Info.plist */,
			);
			path = emojinalUITests;
			sourceTree = "<group>";
		};
/* End PBXGroup section */

/* Begin PBXNativeTarget section */
		16FE88F124C7B10E00C121A9 /* emojinal */ = {
			isa = PBXNativeTarget;
			buildConfigurationList = 16FE891F24C7B11200C121A9 /* Build configuration list for PBXNativeTarget "emojinal" */;
			buildPhases = (
				16FE88EE24C7B10E00C121A9 /* Sources */,
				16FE88EF24C7B10E00C121A9 /* Frameworks */,
				16FE88F024C7B10E00C121A9 /* Resources */,
			);
			buildRules = (
			);
			dependencies = (
			);
			name = emojinal;
			productName = emojinal;
			productReference = 16FE88F224C7B10E00C121A9 /* emojinal.app */;
			productType = "com.apple.product-type.application";
		};
		16FE890A24C7B11200C121A9 /* emojinalTests */ = {
			isa = PBXNativeTarget;
			buildConfigurationList = 16FE892224C7B11200C121A9 /* Build configuration list for PBXNativeTarget "emojinalTests" */;
			buildPhases = (
				16FE890724C7B11200C121A9 /* Sources */,
				16FE890824C7B11200C121A9 /* Frameworks */,
				16FE890924C7B11200C121A9 /* Resources */,
			);
			buildRules = (
			);
			dependencies = (
				16FE890D24C7B11200C121A9 /* PBXTargetDependency */,
			);
			name = emojinalTests;
			productName = emojinalTests;
			productReference = 16FE890B24C7B11200C121A9 /* emojinalTests.xctest */;
			productType = "com.apple.product-type.bundle.unit-test";
		};
		16FE891524C7B11200C121A9 /* emojinalUITests */ = {
			isa = PBXNativeTarget;
			buildConfigurationList = 16FE892524C7B11200C121A9 /* Build configuration list for PBXNativeTarget "emojinalUITests" */;
			buildPhases = (
				16FE891224C7B11200C121A9 /* Sources */,
				16FE891324C7B11200C121A9 /* Frameworks */,
				16FE891424C7B11200C121A9 /* Resources */,
			);
			buildRules = (
			);
			dependencies = (
				16FE891824C7B11200C121A9 /* PBXTargetDependency */,
			);
			name = emojinalUITests;
			productName = emojinalUITests;
			productReference = 16FE891624C7B11200C121A9 /* emojinalUITests.xctest */;
			productType = "com.apple.product-type.bundle.ui-testing";
		};
/* End PBXNativeTarget section */

/* Begin PBXProject section */
		16FE88EA24C7B10E00C121A9 /* Project object */ = {
			isa = PBXProject;
			attributes = {
				LastSwiftUpdateCheck = 1150;
				LastUpgradeCheck = 1150;
				ORGANIZATIONNAME = Ipsita;
				TargetAttributes = {
					16FE88F124C7B10E00C121A9 = {
						CreatedOnToolsVersion = 11.5;
					};
					16FE890A24C7B11200C121A9 = {
						CreatedOnToolsVersion = 11.5;
						TestTargetID = 16FE88F124C7B10E00C121A9;
					};
					16FE891524C7B11200C121A9 = {
						CreatedOnToolsVersion = 11.5;
						TestTargetID = 16FE88F124C7B10E00C121A9;
					};
				};
			};
			buildConfigurationList = 16FE88ED24C7B10E00C121A9 /* Build configuration list for PBXProject "emojinal" */;
			compatibilityVersion = "Xcode 9.3";
			developmentRegion = en;
			hasScannedForEncodings = 0;
			knownRegions = (
				en,
				Base,
			);
			mainGroup = 16FE88E924C7B10E00C121A9;
			productRefGroup = 16FE88F324C7B10E00C121A9 /* Products */;
			projectDirPath = "";
			projectRoot = "";
			targets = (
				16FE88F124C7B10E00C121A9 /* emojinal */,
				16FE890A24C7B11200C121A9 /* emojinalTests */,
				16FE891524C7B11200C121A9 /* emojinalUITests */,
			);
		};
/* End PBXProject section */

/* Begin PBXResourcesBuildPhase section */
		16FE88F024C7B10E00C121A9 /* Resources */ = {
			isa = PBXResourcesBuildPhase;
			buildActionMask = 2147483647;
			files = (
				16FE890524C7B11200C121A9 /* LaunchScreen.storyboard in Resources */,
				16FE890224C7B11200C121A9 /* Assets.xcassets in Resources */,
				16FE88FD24C7B10E00C121A9 /* Main.storyboard in Resources */,
			);
			runOnlyForDeploymentPostprocessing = 0;
		};
		16FE890924C7B11200C121A9 /* Resources */ = {
			isa = PBXResourcesBuildPhase;
			buildActionMask = 2147483647;
			files = (
			);
			runOnlyForDeploymentPostprocessing = 0;
		};
		16FE891424C7B11200C121A9 /* Resources */ = {
			isa = PBXResourcesBuildPhase;
			buildActionMask = 2147483647;
			files = (
			);
			runOnlyForDeploymentPostprocessing = 0;
		};
/* End PBXResourcesBuildPhase section */

/* Begin PBXSourcesBuildPhase section */
		16FE88EE24C7B10E00C121A9 /* Sources */ = {
			isa = PBXSourcesBuildPhase;
			buildActionMask = 2147483647;
			files = (
				16FE890024C7B10E00C121A9 /* emojinal.xcdatamodeld in Sources */,
				16FE88FA24C7B10E00C121A9 /* ViewController.swift in Sources */,
				16FE88F624C7B10E00C121A9 /* AppDelegate.swift in Sources */,
				16FE88F824C7B10E00C121A9 /* SceneDelegate.swift in Sources */,
			);
			runOnlyForDeploymentPostprocessing = 0;
		};
		16FE890724C7B11200C121A9 /* Sources */ = {
			isa = PBXSourcesBuildPhase;
			buildActionMask = 2147483647;
			files = (
				16FE891024C7B11200C121A9 /* emojinalTests.swift in Sources */,
			);
			runOnlyForDeploymentPostprocessing = 0;
		};
		16FE891224C7B11200C121A9 /* Sources */ = {
			isa = PBXSourcesBuildPhase;
			buildActionMask = 2147483647;
			files = (
				16FE891B24C7B11200C121A9 /* emojinalUITests.swift in Sources */,
			);
			runOnlyForDeploymentPostprocessing = 0;
		};
/* End PBXSourcesBuildPhase section */

/* Begin PBXTargetDependency section */
		16FE890D24C7B11200C121A9 /* PBXTargetDependency */ = {
			isa = PBXTargetDependency;
			target = 16FE88F124C7B10E00C121A9 /* emojinal */;
			targetProxy = 16FE890C24C7B11200C121A9 /* PBXContainerItemProxy */;
		};
		16FE891824C7B11200C121A9 /* PBXTargetDependency */ = {
			isa = PBXTargetDependency;
			target = 16FE88F124C7B10E00C121A9 /* emojinal */;
			targetProxy = 16FE891724C7B11200C121A9 /* PBXContainerItemProxy */;
		};
/* End PBXTargetDependency section */

/* Begin PBXVariantGroup section */
		16FE88FB24C7B10E00C121A9 /* Main.storyboard */ = {
			isa = PBXVariantGroup;
			children = (
				16FE88FC24C7B10E00C121A9 /* Base */,
			);
			name = Main.storyboard;
			sourceTree = "<group>";
		};
		16FE890324C7B11200C121A9 /* LaunchScreen.storyboard */ = {
			isa = PBXVariantGroup;
			children = (
				16FE890424C7B11200C121A9 /* Base */,
			);
			name = LaunchScreen.storyboard;
			sourceTree = "<group>";
		};
/* End PBXVariantGroup section */

/* Begin XCBuildConfiguration section */
		16FE891D24C7B11200C121A9 /* Debug */ = {
			isa = XCBuildConfiguration;
			buildSettings = {
				ALWAYS_SEARCH_USER_PATHS = NO;
				CLANG_ANALYZER_NONNULL = YES;
				CLANG_ANALYZER_NUMBER_OBJECT_CONVERSION = YES_AGGRESSIVE;
				CLANG_CXX_LANGUAGE_STANDARD = "gnu++14";
				CLANG_CXX_LIBRARY = "libc++";
				CLANG_ENABLE_MODULES = YES;
				CLANG_ENABLE_OBJC_ARC = YES;
				CLANG_ENABLE_OBJC_WEAK = YES;
				CLANG_WARN_BLOCK_CAPTURE_AUTORELEASING = YES;
				CLANG_WARN_BOOL_CONVERSION = YES;
				CLANG_WARN_COMMA = YES;
				CLANG_WARN_CONSTANT_CONVERSION = YES;
				CLANG_WARN_DEPRECATED_OBJC_IMPLEMENTATIONS = YES;
				CLANG_WARN_DIRECT_OBJC_ISA_USAGE = YES_ERROR;
				CLANG_WARN_DOCUMENTATION_COMMENTS = YES;
				CLANG_WARN_EMPTY_BODY = YES;
				CLANG_WARN_ENUM_CONVERSION = YES;
				CLANG_WARN_INFINITE_RECURSION = YES;
				CLANG_WARN_INT_CONVERSION = YES;
				CLANG_WARN_NON_LITERAL_NULL_CONVERSION = YES;
				CLANG_WARN_OBJC_IMPLICIT_RETAIN_SELF = YES;
				CLANG_WARN_OBJC_LITERAL_CONVERSION = YES;
				CLANG_WARN_OBJC_ROOT_CLASS = YES_ERROR;
				CLANG_WARN_RANGE_LOOP_ANALYSIS = YES;
				CLANG_WARN_STRICT_PROTOTYPES = YES;
				CLANG_WARN_SUSPICIOUS_MOVE = YES;
				CLANG_WARN_UNGUARDED_AVAILABILITY = YES_AGGRESSIVE;
				CLANG_WARN_UNREACHABLE_CODE = YES;
				CLANG_WARN__DUPLICATE_METHOD_MATCH = YES;
				COPY_PHASE_STRIP = NO;
				DEBUG_INFORMATION_FORMAT = dwarf;
				ENABLE_STRICT_OBJC_MSGSEND = YES;
				ENABLE_TESTABILITY = YES;
				GCC_C_LANGUAGE_STANDARD = gnu11;
				GCC_DYNAMIC_NO_PIC = NO;
				GCC_NO_COMMON_BLOCKS = YES;
				GCC_OPTIMIZATION_LEVEL = 0;
				GCC_PREPROCESSOR_DEFINITIONS = (
					"DEBUG=1",
					"$(inherited)",
				);
				GCC_WARN_64_TO_32_BIT_CONVERSION = YES;
				GCC_WARN_ABOUT_RETURN_TYPE = YES_ERROR;
				GCC_WARN_UNDECLARED_SELECTOR = YES;
				GCC_WARN_UNINITIALIZED_AUTOS = YES_AGGRESSIVE;
				GCC_WARN_UNUSED_FUNCTION = YES;
				GCC_WARN_UNUSED_VARIABLE = YES;
				IPHONEOS_DEPLOYMENT_TARGET = 13.5;
				MTL_ENABLE_DEBUG_INFO = INCLUDE_SOURCE;
				MTL_FAST_MATH = YES;
				ONLY_ACTIVE_ARCH = YES;
				SDKROOT = iphoneos;
				SWIFT_ACTIVE_COMPILATION_CONDITIONS = DEBUG;
				SWIFT_OPTIMIZATION_LEVEL = "-Onone";
			};
			name = Debug;
		};
		16FE891E24C7B11200C121A9 /* Release */ = {
			isa = XCBuildConfiguration;
			buildSettings = {
				ALWAYS_SEARCH_USER_PATHS = NO;
				CLANG_ANALYZER_NONNULL = YES;
				CLANG_ANALYZER_NUMBER_OBJECT_CONVERSION = YES_AGGRESSIVE;
				CLANG_CXX_LANGUAGE_STANDARD = "gnu++14";
				CLANG_CXX_LIBRARY = "libc++";
				CLANG_ENABLE_MODULES = YES;
				CLANG_ENABLE_OBJC_ARC = YES;
				CLANG_ENABLE_OBJC_WEAK = YES;
				CLANG_WARN_BLOCK_CAPTURE_AUTORELEASING = YES;
				CLANG_WARN_BOOL_CONVERSION = YES;
				CLANG_WARN_COMMA = YES;
				CLANG_WARN_CONSTANT_CONVERSION = YES;
				CLANG_WARN_DEPRECATED_OBJC_IMPLEMENTATIONS = YES;
				CLANG_WARN_DIRECT_OBJC_ISA_USAGE = YES_ERROR;
				CLANG_WARN_DOCUMENTATION_COMMENTS = YES;
				CLANG_WARN_EMPTY_BODY = YES;
				CLANG_WARN_ENUM_CONVERSION = YES;
				CLANG_WARN_INFINITE_RECURSION = YES;
				CLANG_WARN_INT_CONVERSION = YES;
				CLANG_WARN_NON_LITERAL_NULL_CONVERSION = YES;
				CLANG_WARN_OBJC_IMPLICIT_RETAIN_SELF = YES;
				CLANG_WARN_OBJC_LITERAL_CONVERSION = YES;
				CLANG_WARN_OBJC_ROOT_CLASS = YES_ERROR;
				CLANG_WARN_RANGE_LOOP_ANALYSIS = YES;
				CLANG_WARN_STRICT_PROTOTYPES = YES;
				CLANG_WARN_SUSPICIOUS_MOVE = YES;
				CLANG_WARN_UNGUARDED_AVAILABILITY = YES_AGGRESSIVE;
				CLANG_WARN_UNREACHABLE_CODE = YES;
				CLANG_WARN__DUPLICATE_METHOD_MATCH = YES;
				COPY_PHASE_STRIP = NO;
				DEBUG_INFORMATION_FORMAT = "dwarf-with-dsym";
				ENABLE_NS_ASSERTIONS = NO;
				ENABLE_STRICT_OBJC_MSGSEND = YES;
				GCC_C_LANGUAGE_STANDARD = gnu11;
				GCC_NO_COMMON_BLOCKS = YES;
				GCC_WARN_64_TO_32_BIT_CONVERSION = YES;
				GCC_WARN_ABOUT_RETURN_TYPE = YES_ERROR;
				GCC_WARN_UNDECLARED_SELECTOR = YES;
				GCC_WARN_UNINITIALIZED_AUTOS = YES_AGGRESSIVE;
				GCC_WARN_UNUSED_FUNCTION = YES;
				GCC_WARN_UNUSED_VARIABLE = YES;
				IPHONEOS_DEPLOYMENT_TARGET = 13.5;
				MTL_ENABLE_DEBUG_INFO = NO;
				MTL_FAST_MATH = YES;
				SDKROOT = iphoneos;
				SWIFT_COMPILATION_MODE = wholemodule;
				SWIFT_OPTIMIZATION_LEVEL = "-O";
				VALIDATE_PRODUCT = YES;
			};
			name = Release;
		};
		16FE892024C7B11200C121A9 /* Debug */ = {
			isa = XCBuildConfiguration;
			buildSettings = {
				ASSETCATALOG_COMPILER_APPICON_NAME = AppIcon;
				CODE_SIGN_STYLE = Automatic;
				DEVELOPMENT_TEAM = SCDB4NC599;
				INFOPLIST_FILE = emojinal/Info.plist;
				LD_RUNPATH_SEARCH_PATHS = (
					"$(inherited)",
					"@executable_path/Frameworks",
				);
				PRODUCT_BUNDLE_IDENTIFIER = Ipsita.emojinal;
				PRODUCT_NAME = "$(TARGET_NAME)";
				SWIFT_VERSION = 5.0;
				TARGETED_DEVICE_FAMILY = "1,2";
			};
			name = Debug;
		};
		16FE892124C7B11200C121A9 /* Release */ = {
			isa = XCBuildConfiguration;
			buildSettings = {
				ASSETCATALOG_COMPILER_APPICON_NAME = AppIcon;
				CODE_SIGN_STYLE = Automatic;
				DEVELOPMENT_TEAM = SCDB4NC599;
				INFOPLIST_FILE = emojinal/Info.plist;
				LD_RUNPATH_SEARCH_PATHS = (
					"$(inherited)",
					"@executable_path/Frameworks",
				);
				PRODUCT_BUNDLE_IDENTIFIER = Ipsita.emojinal;
				PRODUCT_NAME = "$(TARGET_NAME)";
				SWIFT_VERSION = 5.0;
				TARGETED_DEVICE_FAMILY = "1,2";
			};
			name = Release;
		};
		16FE892324C7B11200C121A9 /* Debug */ = {
			isa = XCBuildConfiguration;
			buildSettings = {
				ALWAYS_EMBED_SWIFT_STANDARD_LIBRARIES = YES;
				BUNDLE_LOADER = "$(TEST_HOST)";
				CODE_SIGN_STYLE = Automatic;
				DEVELOPMENT_TEAM = SCDB4NC599;
				INFOPLIST_FILE = emojinalTests/Info.plist;
				IPHONEOS_DEPLOYMENT_TARGET = 13.5;
				LD_RUNPATH_SEARCH_PATHS = (
					"$(inherited)",
					"@executable_path/Frameworks",
					"@loader_path/Frameworks",
				);
				PRODUCT_BUNDLE_IDENTIFIER = Ipsita.emojinalTests;
				PRODUCT_NAME = "$(TARGET_NAME)";
				SWIFT_VERSION = 5.0;
				TARGETED_DEVICE_FAMILY = "1,2";
				TEST_HOST = "$(BUILT_PRODUCTS_DIR)/emojinal.app/emojinal";
			};
			name = Debug;
		};
		16FE892424C7B11200C121A9 /* Release */ = {
			isa = XCBuildConfiguration;
			buildSettings = {
				ALWAYS_EMBED_SWIFT_STANDARD_LIBRARIES = YES;
				BUNDLE_LOADER = "$(TEST_HOST)";
				CODE_SIGN_STYLE = Automatic;
				DEVELOPMENT_TEAM = SCDB4NC599;
				INFOPLIST_FILE = emojinalTests/Info.plist;
				IPHONEOS_DEPLOYMENT_TARGET = 13.5;
				LD_RUNPATH_SEARCH_PATHS = (
					"$(inherited)",
					"@executable_path/Frameworks",
					"@loader_path/Frameworks",
				);
				PRODUCT_BUNDLE_IDENTIFIER = Ipsita.emojinalTests;
				PRODUCT_NAME = "$(TARGET_NAME)";
				SWIFT_VERSION = 5.0;
				TARGETED_DEVICE_FAMILY = "1,2";
				TEST_HOST = "$(BUILT_PRODUCTS_DIR)/emojinal.app/emojinal";
			};
			name = Release;
		};
		16FE892624C7B11200C121A9 /* Debug */ = {
			isa = XCBuildConfiguration;
			buildSettings = {
				ALWAYS_EMBED_SWIFT_STANDARD_LIBRARIES = YES;
				CODE_SIGN_STYLE = Automatic;
				DEVELOPMENT_TEAM = SCDB4NC599;
				INFOPLIST_FILE = emojinalUITests/Info.plist;
				LD_RUNPATH_SEARCH_PATHS = (
					"$(inherited)",
					"@executable_path/Frameworks",
					"@loader_path/Frameworks",
				);
				PRODUCT_BUNDLE_IDENTIFIER = Ipsita.emojinalUITests;
				PRODUCT_NAME = "$(TARGET_NAME)";
				SWIFT_VERSION = 5.0;
				TARGETED_DEVICE_FAMILY = "1,2";
				TEST_TARGET_NAME = emojinal;
			};
			name = Debug;
		};
		16FE892724C7B11200C121A9 /* Release */ = {
			isa = XCBuildConfiguration;
			buildSettings = {
				ALWAYS_EMBED_SWIFT_STANDARD_LIBRARIES = YES;
				CODE_SIGN_STYLE = Automatic;
				DEVELOPMENT_TEAM = SCDB4NC599;
				INFOPLIST_FILE = emojinalUITests/Info.plist;
				LD_RUNPATH_SEARCH_PATHS = (
					"$(inherited)",
					"@executable_path/Frameworks",
					"@loader_path/Frameworks",
				);
				PRODUCT_BUNDLE_IDENTIFIER = Ipsita.emojinalUITests;
				PRODUCT_NAME = "$(TARGET_NAME)";
				SWIFT_VERSION = 5.0;
				TARGETED_DEVICE_FAMILY = "1,2";
				TEST_TARGET_NAME = emojinal;
			};
			name = Release;
		};
/* End XCBuildConfiguration section */

/* Begin XCConfigurationList section */
		16FE88ED24C7B10E00C121A9 /* Build configuration list for PBXProject "emojinal" */ = {
			isa = XCConfigurationList;
			buildConfigurations = (
				16FE891D24C7B11200C121A9 /* Debug */,
				16FE891E24C7B11200C121A9 /* Release */,
			);
			defaultConfigurationIsVisible = 0;
			defaultConfigurationName = Release;
		};
		16FE891F24C7B11200C121A9 /* Build configuration list for PBXNativeTarget "emojinal" */ = {
			isa = XCConfigurationList;
			buildConfigurations = (
				16FE892024C7B11200C121A9 /* Debug */,
				16FE892124C7B11200C121A9 /* Release */,
			);
			defaultConfigurationIsVisible = 0;
			defaultConfigurationName = Release;
		};
		16FE892224C7B11200C121A9 /* Build configuration list for PBXNativeTarget "emojinalTests" */ = {
			isa = XCConfigurationList;
			buildConfigurations = (
				16FE892324C7B11200C121A9 /* Debug */,
				16FE892424C7B11200C121A9 /* Release */,
			);
			defaultConfigurationIsVisible = 0;
			defaultConfigurationName = Release;
		};
		16FE892524C7B11200C121A9 /* Build configuration list for PBXNativeTarget "emojinalUITests" */ = {
			isa = XCConfigurationList;
			buildConfigurations = (
				16FE892624C7B11200C121A9 /* Debug */,
				16FE892724C7B11200C121A9 /* Release */,
			);
			defaultConfigurationIsVisible = 0;
			defaultConfigurationName = Release;
		};
/* End XCConfigurationList section */

/* Begin XCVersionGroup section */
		16FE88FE24C7B10E00C121A9 /* emojinal.xcdatamodeld */ = {
			isa = XCVersionGroup;
			children = (
				16FE88FF24C7B10E00C121A9 /* emojinal.xcdatamodel */,
			);
			currentVersion = 16FE88FF24C7B10E00C121A9 /* emojinal.xcdatamodel */;
			path = emojinal.xcdatamodeld;
			sourceTree = "<group>";
			versionGroupType = wrapper.xcdatamodel;
		};
/* End XCVersionGroup section */
	};
	rootObject = 16FE88EA24C7B10E00C121A9 /* Project object */;
}
